
Microsoft Visual Studio Solution File, Format Version 12.00
# Visual Studio Version 17
VisualStudioVersion = 17.8.34330.188
MinimumVisualStudioVersion = 10.0.40219.1
Project("{FAE04EC0-301F-11D3-BF4B-00C04F79EFBC}") = "Met_Le_Mot_Dans_Le_Bon_Ordre", "Met_Le_Mot_Dans_Le_Bon_Ordre\Met_Le_Mot_Dans_Le_Bon_Ordre.csproj", "{245CD252-AA01-4B46-9660-A1BD78ACF23C}"
EndProject
Global
	GlobalSection(SolutionConfigurationPlatforms) = preSolution
		Debug|Any CPU = Debug|Any CPU
		Release|Any CPU = Release|Any CPU
	EndGlobalSection
	GlobalSection(ProjectConfigurationPlatforms) = postSolution
		{245CD252-AA01-4B46-9660-A1BD78ACF23C}.Debug|Any CPU.ActiveCfg = Debug|Any CPU
		{245CD252-AA01-4B46-9660-A1BD78ACF23C}.Debug|Any CPU.Build.0 = Debug|Any CPU
		{245CD252-AA01-4B46-9660-A1BD78ACF23C}.Release|Any CPU.ActiveCfg = Release|Any CPU
		{245CD252-AA01-4B46-9660-A1BD78ACF23C}.Release|Any CPU.Build.0 = Release|Any CPU
	EndGlobalSection
	GlobalSection(SolutionProperties) = preSolution
		HideSolutionNode = FALSE
	EndGlobalSection
	GlobalSection(ExtensibilityGlobals) = postSolution
		SolutionGuid = {1AA1FB31-E689-4C05-8405-B7407F6B39FE}
	EndGlobalSection
EndGlobal
